// !$*UTF8*$!
{
	archiveVersion = 1;
	classes = {
	};
	objectVersion = 50;
	objects = {

/* Begin PBXBuildFile section */
		EB4BBE6C2182912C00B00142 /* AppDelegate.swift in Sources */ = {isa = PBXBuildFile; fileRef = EB4BBE6B2182912C00B00142 /* AppDelegate.swift */; };
		EB4BBE6E2182912C00B00142 /* ViewController.swift in Sources */ = {isa = PBXBuildFile; fileRef = EB4BBE6D2182912C00B00142 /* ViewController.swift */; };
		EB4BBE712182912C00B00142 /* Main.storyboard in Resources */ = {isa = PBXBuildFile; fileRef = EB4BBE6F2182912C00B00142 /* Main.storyboard */; };
		EB4BBE732182913200B00142 /* Assets.xcassets in Resources */ = {isa = PBXBuildFile; fileRef = EB4BBE722182913200B00142 /* Assets.xcassets */; };
		EB4BBE762182913200B00142 /* LaunchScreen.storyboard in Resources */ = {isa = PBXBuildFile; fileRef = EB4BBE742182913200B00142 /* LaunchScreen.storyboard */; };
		EB4BBE812182913200B00142 /* Assignment4Tests.swift in Sources */ = {isa = PBXBuildFile; fileRef = EB4BBE802182913200B00142 /* Assignment4Tests.swift */; };
		EB4BBE8C2182913200B00142 /* Assignment4UITests.swift in Sources */ = {isa = PBXBuildFile; fileRef = EB4BBE8B2182913200B00142 /* Assignment4UITests.swift */; };
		EB4BBE9A2182920D00B00142 /* InitialViewController.swift in Sources */ = {isa = PBXBuildFile; fileRef = EB4BBE992182920C00B00142 /* InitialViewController.swift */; };
		EB4BBE9C2182995400B00142 /* StatesViewController.swift in Sources */ = {isa = PBXBuildFile; fileRef = EB4BBE9B2182995400B00142 /* StatesViewController.swift */; };
		EB4BBE9E218299FC00B00142 /* DetailViewController.swift in Sources */ = {isa = PBXBuildFile; fileRef = EB4BBE9D218299FC00B00142 /* DetailViewController.swift */; };
		EB4BBEA421829CAE00B00142 /* MapViewController.swift in Sources */ = {isa = PBXBuildFile; fileRef = EB4BBEA321829CAE00B00142 /* MapViewController.swift */; };
		EB4BBEA92183D23900B00142 /* states.plist in Resources */ = {isa = PBXBuildFile; fileRef = EB4BBEA82183D23900B00142 /* states.plist */; };
		EB4BBEAD2186400800B00142 /* NameViewController.swift in Sources */ = {isa = PBXBuildFile; fileRef = EB4BBEAC2186400800B00142 /* NameViewController.swift */; };
		EB4BBEAF2186401E00B00142 /* SportsViewController.swift in Sources */ = {isa = PBXBuildFile; fileRef = EB4BBEAE2186401E00B00142 /* SportsViewController.swift */; };
		EB4BBEB32186659000B00142 /* sports.plist in Resources */ = {isa = PBXBuildFile; fileRef = EB4BBEB22186659000B00142 /* sports.plist */; };
		EB4BBEB62186A17200B00142 /* MapKit.framework in Frameworks */ = {isa = PBXBuildFile; fileRef = EB4BBEB52186A17200B00142 /* MapKit.framework */; };
/* End PBXBuildFile section */

/* Begin PBXContainerItemProxy section */
		EB4BBE7D2182913200B00142 /* PBXContainerItemProxy */ = {
			isa = PBXContainerItemProxy;
			containerPortal = EB4BBE602182912C00B00142 /* Project object */;
			proxyType = 1;
			remoteGlobalIDString = EB4BBE672182912C00B00142;
			remoteInfo = Assignment4;
		};
		EB4BBE882182913200B00142 /* PBXContainerItemProxy */ = {
			isa = PBXContainerItemProxy;
			containerPortal = EB4BBE602182912C00B00142 /* Project object */;
			proxyType = 1;
			remoteGlobalIDString = EB4BBE672182912C00B00142;
			remoteInfo = Assignment4;
		};
/* End PBXContainerItemProxy section */

/* Begin PBXFileReference section */
		EB4BBE682182912C00B00142 /* Assignment4.app */ = {isa = PBXFileReference; explicitFileType = wrapper.application; includeInIndex = 0; path = Assignment4.app; sourceTree = BUILT_PRODUCTS_DIR; };
		EB4BBE6B2182912C00B00142 /* AppDelegate.swift */ = {isa = PBXFileReference; lastKnownFileType = sourcecode.swift; path = AppDelegate.swift; sourceTree = "<group>"; };
		EB4BBE6D2182912C00B00142 /* ViewController.swift */ = {isa = PBXFileReference; lastKnownFileType = sourcecode.swift; path = ViewController.swift; sourceTree = "<group>"; };
		EB4BBE702182912C00B00142 /* Base */ = {isa = PBXFileReference; lastKnownFileType = file.storyboard; name = Base; path = Base.lproj/Main.storyboard; sourceTree = "<group>"; };
		EB4BBE722182913200B00142 /* Assets.xcassets */ = {isa = PBXFileReference; lastKnownFileType = folder.assetcatalog; path = Assets.xcassets; sourceTree = "<group>"; };
		EB4BBE752182913200B00142 /* Base */ = {isa = PBXFileReference; lastKnownFileType = file.storyboard; name = Base; path = Base.lproj/LaunchScreen.storyboard; sourceTree = "<group>"; };
		EB4BBE772182913200B00142 /* Info.plist */ = {isa = PBXFileReference; lastKnownFileType = text.plist.xml; path = Info.plist; sourceTree = "<group>"; };
		EB4BBE7C2182913200B00142 /* Assignment4Tests.xctest */ = {isa = PBXFileReference; explicitFileType = wrapper.cfbundle; includeInIndex = 0; path = Assignment4Tests.xctest; sourceTree = BUILT_PRODUCTS_DIR; };
		EB4BBE802182913200B00142 /* Assignment4Tests.swift */ = {isa = PBXFileReference; lastKnownFileType = sourcecode.swift; path = Assignment4Tests.swift; sourceTree = "<group>"; };
		EB4BBE822182913200B00142 /* Info.plist */ = {isa = PBXFileReference; lastKnownFileType = text.plist.xml; path = Info.plist; sourceTree = "<group>"; };
		EB4BBE872182913200B00142 /* Assignment4UITests.xctest */ = {isa = PBXFileReference; explicitFileType = wrapper.cfbundle; includeInIndex = 0; path = Assignment4UITests.xctest; sourceTree = BUILT_PRODUCTS_DIR; };
		EB4BBE8B2182913200B00142 /* Assignment4UITests.swift */ = {isa = PBXFileReference; lastKnownFileType = sourcecode.swift; path = Assignment4UITests.swift; sourceTree = "<group>"; };
		EB4BBE8D2182913200B00142 /* Info.plist */ = {isa = PBXFileReference; lastKnownFileType = text.plist.xml; path = Info.plist; sourceTree = "<group>"; };
		EB4BBE992182920C00B00142 /* InitialViewController.swift */ = {isa = PBXFileReference; lastKnownFileType = sourcecode.swift; path = InitialViewController.swift; sourceTree = "<group>"; };
		EB4BBE9B2182995400B00142 /* StatesViewController.swift */ = {isa = PBXFileReference; lastKnownFileType = sourcecode.swift; path = StatesViewController.swift; sourceTree = "<group>"; };
		EB4BBE9D218299FC00B00142 /* DetailViewController.swift */ = {isa = PBXFileReference; lastKnownFileType = sourcecode.swift; path = DetailViewController.swift; sourceTree = "<group>"; };
		EB4BBEA321829CAE00B00142 /* MapViewController.swift */ = {isa = PBXFileReference; lastKnownFileType = sourcecode.swift; path = MapViewController.swift; sourceTree = "<group>"; };
		EB4BBEA62183CF4700B00142 /* en */ = {isa = PBXFileReference; lastKnownFileType = text.plist.strings; name = en; path = en.lproj/Main.strings; sourceTree = "<group>"; };
		EB4BBEA72183CFE100B00142 /* es */ = {isa = PBXFileReference; lastKnownFileType = text.plist.strings; name = es; path = es.lproj/Main.strings; sourceTree = "<group>"; };
		EB4BBEA82183D23900B00142 /* states.plist */ = {isa = PBXFileReference; lastKnownFileType = text.plist.xml; path = states.plist; sourceTree = "<group>"; };
		EB4BBEAC2186400800B00142 /* NameViewController.swift */ = {isa = PBXFileReference; lastKnownFileType = sourcecode.swift; path = NameViewController.swift; sourceTree = "<group>"; };
		EB4BBEAE2186401E00B00142 /* SportsViewController.swift */ = {isa = PBXFileReference; lastKnownFileType = sourcecode.swift; path = SportsViewController.swift; sourceTree = "<group>"; };
		EB4BBEB22186659000B00142 /* sports.plist */ = {isa = PBXFileReference; lastKnownFileType = text.plist.xml; path = sports.plist; sourceTree = "<group>"; };
		EB4BBEB52186A17200B00142 /* MapKit.framework */ = {isa = PBXFileReference; lastKnownFileType = wrapper.framework; name = MapKit.framework; path = System/Library/Frameworks/MapKit.framework; sourceTree = SDKROOT; };
/* End PBXFileReference section */

/* Begin PBXFrameworksBuildPhase section */
		EB4BBE652182912C00B00142 /* Frameworks */ = {
			isa = PBXFrameworksBuildPhase;
			buildActionMask = 2147483647;
			files = (
				EB4BBEB62186A17200B00142 /* MapKit.framework in Frameworks */,
			);
			runOnlyForDeploymentPostprocessing = 0;
		};
		EB4BBE792182913200B00142 /* Frameworks */ = {
			isa = PBXFrameworksBuildPhase;
			buildActionMask = 2147483647;
			files = (
			);
			runOnlyForDeploymentPostprocessing = 0;
		};
		EB4BBE842182913200B00142 /* Frameworks */ = {
			isa = PBXFrameworksBuildPhase;
			buildActionMask = 2147483647;
			files = (
			);
			runOnlyForDeploymentPostprocessing = 0;
		};
/* End PBXFrameworksBuildPhase section */

/* Begin PBXGroup section */
		EB4BBE5F2182912C00B00142 = {
			isa = PBXGroup;
			children = (
				EB4BBE6A2182912C00B00142 /* Assignment4 */,
				EB4BBE7F2182913200B00142 /* Assignment4Tests */,
				EB4BBE8A2182913200B00142 /* Assignment4UITests */,
				EB4BBE692182912C00B00142 /* Products */,
				EB4BBEB42186A17100B00142 /* Frameworks */,
			);
			sourceTree = "<group>";
		};
		EB4BBE692182912C00B00142 /* Products */ = {
			isa = PBXGroup;
			children = (
				EB4BBE682182912C00B00142 /* Assignment4.app */,
				EB4BBE7C2182913200B00142 /* Assignment4Tests.xctest */,
				EB4BBE872182913200B00142 /* Assignment4UITests.xctest */,
			);
			name = Products;
			sourceTree = "<group>";
		};
		EB4BBE6A2182912C00B00142 /* Assignment4 */ = {
			isa = PBXGroup;
			children = (
				EB4BBE6B2182912C00B00142 /* AppDelegate.swift */,
				EB4BBE6D2182912C00B00142 /* ViewController.swift */,
				EB4BBE992182920C00B00142 /* InitialViewController.swift */,
				EB4BBE9B2182995400B00142 /* StatesViewController.swift */,
				EB4BBE9D218299FC00B00142 /* DetailViewController.swift */,
				EB4BBEAC2186400800B00142 /* NameViewController.swift */,
				EB4BBEAE2186401E00B00142 /* SportsViewController.swift */,
				EB4BBEA321829CAE00B00142 /* MapViewController.swift */,
				EB4BBE6F2182912C00B00142 /* Main.storyboard */,
				EB4BBE722182913200B00142 /* Assets.xcassets */,
				EB4BBE742182913200B00142 /* LaunchScreen.storyboard */,
				EB4BBE772182913200B00142 /* Info.plist */,
				EB4BBEA82183D23900B00142 /* states.plist */,
				EB4BBEB22186659000B00142 /* sports.plist */,
			);
			path = Assignment4;
			sourceTree = "<group>";
		};
		EB4BBE7F2182913200B00142 /* Assignment4Tests */ = {
			isa = PBXGroup;
			children = (
				EB4BBE802182913200B00142 /* Assignment4Tests.swift */,
				EB4BBE822182913200B00142 /* Info.plist */,
			);
			path = Assignment4Tests;
			sourceTree = "<group>";
		};
		EB4BBE8A2182913200B00142 /* Assignment4UITests */ = {
			isa = PBXGroup;
			children = (
				EB4BBE8B2182913200B00142 /* Assignment4UITests.swift */,
				EB4BBE8D2182913200B00142 /* Info.plist */,
			);
			path = Assignment4UITests;
			sourceTree = "<group>";
		};
		EB4BBEB42186A17100B00142 /* Frameworks */ = {
			isa = PBXGroup;
			children = (
				EB4BBEB52186A17200B00142 /* MapKit.framework */,
			);
			name = Frameworks;
			sourceTree = "<group>";
		};
/* End PBXGroup section */

/* Begin PBXNativeTarget section */
		EB4BBE672182912C00B00142 /* Assignment4 */ = {
			isa = PBXNativeTarget;
			buildConfigurationList = EB4BBE902182913200B00142 /* Build configuration list for PBXNativeTarget "Assignment4" */;
			buildPhases = (
				EB4BBE642182912C00B00142 /* Sources */,
				EB4BBE652182912C00B00142 /* Frameworks */,
				EB4BBE662182912C00B00142 /* Resources */,
			);
			buildRules = (
			);
			dependencies = (
			);
			name = Assignment4;
			productName = Assignment4;
			productReference = EB4BBE682182912C00B00142 /* Assignment4.app */;
			productType = "com.apple.product-type.application";
		};
		EB4BBE7B2182913200B00142 /* Assignment4Tests */ = {
			isa = PBXNativeTarget;
			buildConfigurationList = EB4BBE932182913200B00142 /* Build configuration list for PBXNativeTarget "Assignment4Tests" */;
			buildPhases = (
				EB4BBE782182913200B00142 /* Sources */,
				EB4BBE792182913200B00142 /* Frameworks */,
				EB4BBE7A2182913200B00142 /* Resources */,
			);
			buildRules = (
			);
			dependencies = (
				EB4BBE7E2182913200B00142 /* PBXTargetDependency */,
			);
			name = Assignment4Tests;
			productName = Assignment4Tests;
			productReference = EB4BBE7C2182913200B00142 /* Assignment4Tests.xctest */;
			productType = "com.apple.product-type.bundle.unit-test";
		};
		EB4BBE862182913200B00142 /* Assignment4UITests */ = {
			isa = PBXNativeTarget;
			buildConfigurationList = EB4BBE962182913200B00142 /* Build configuration list for PBXNativeTarget "Assignment4UITests" */;
			buildPhases = (
				EB4BBE832182913200B00142 /* Sources */,
				EB4BBE842182913200B00142 /* Frameworks */,
				EB4BBE852182913200B00142 /* Resources */,
			);
			buildRules = (
			);
			dependencies = (
				EB4BBE892182913200B00142 /* PBXTargetDependency */,
			);
			name = Assignment4UITests;
			productName = Assignment4UITests;
			productReference = EB4BBE872182913200B00142 /* Assignment4UITests.xctest */;
			productType = "com.apple.product-type.bundle.ui-testing";
		};
/* End PBXNativeTarget section */

/* Begin PBXProject section */
		EB4BBE602182912C00B00142 /* Project object */ = {
			isa = PBXProject;
			attributes = {
				LastSwiftUpdateCheck = 1000;
				LastUpgradeCheck = 1000;
				ORGANIZATIONNAME = "Sydney Blackburn";
				TargetAttributes = {
					EB4BBE672182912C00B00142 = {
						CreatedOnToolsVersion = 10.0;
					};
					EB4BBE7B2182913200B00142 = {
						CreatedOnToolsVersion = 10.0;
						TestTargetID = EB4BBE672182912C00B00142;
					};
					EB4BBE862182913200B00142 = {
						CreatedOnToolsVersion = 10.0;
						TestTargetID = EB4BBE672182912C00B00142;
					};
				};
			};
			buildConfigurationList = EB4BBE632182912C00B00142 /* Build configuration list for PBXProject "Assignment4" */;
			compatibilityVersion = "Xcode 9.3";
			developmentRegion = en;
			hasScannedForEncodings = 0;
			knownRegions = (
				en,
				Base,
			);
			mainGroup = EB4BBE5F2182912C00B00142;
			productRefGroup = EB4BBE692182912C00B00142 /* Products */;
			projectDirPath = "";
			projectRoot = "";
			targets = (
				EB4BBE672182912C00B00142 /* Assignment4 */,
				EB4BBE7B2182913200B00142 /* Assignment4Tests */,
				EB4BBE862182913200B00142 /* Assignment4UITests */,
			);
		};
/* End PBXProject section */

/* Begin PBXResourcesBuildPhase section */
		EB4BBE662182912C00B00142 /* Resources */ = {
			isa = PBXResourcesBuildPhase;
			buildActionMask = 2147483647;
			files = (
				EB4BBE762182913200B00142 /* LaunchScreen.storyboard in Resources */,
				EB4BBE732182913200B00142 /* Assets.xcassets in Resources */,
				EB4BBEA92183D23900B00142 /* states.plist in Resources */,
				EB4BBEB32186659000B00142 /* sports.plist in Resources */,
				EB4BBE712182912C00B00142 /* Main.storyboard in Resources */,
			);
			runOnlyForDeploymentPostprocessing = 0;
		};
		EB4BBE7A2182913200B00142 /* Resources */ = {
			isa = PBXResourcesBuildPhase;
			buildActionMask = 2147483647;
			files = (
			);
			runOnlyForDeploymentPostprocessing = 0;
		};
		EB4BBE852182913200B00142 /* Resources */ = {
			isa = PBXResourcesBuildPhase;
			buildActionMask = 2147483647;
			files = (
			);
			runOnlyForDeploymentPostprocessing = 0;
		};
/* End PBXResourcesBuildPhase section */

/* Begin PBXSourcesBuildPhase section */
		EB4BBE642182912C00B00142 /* Sources */ = {
			isa = PBXSourcesBuildPhase;
			buildActionMask = 2147483647;
			files = (
				EB4BBE9C2182995400B00142 /* StatesViewController.swift in Sources */,
				EB4BBE9A2182920D00B00142 /* InitialViewController.swift in Sources */,
				EB4BBEAD2186400800B00142 /* NameViewController.swift in Sources */,
				EB4BBE9E218299FC00B00142 /* DetailViewController.swift in Sources */,
				EB4BBE6E2182912C00B00142 /* ViewController.swift in Sources */,
				EB4BBE6C2182912C00B00142 /* AppDelegate.swift in Sources */,
				EB4BBEA421829CAE00B00142 /* MapViewController.swift in Sources */,
				EB4BBEAF2186401E00B00142 /* SportsViewController.swift in Sources */,
			);
			runOnlyForDeploymentPostprocessing = 0;
		};
		EB4BBE782182913200B00142 /* Sources */ = {
			isa = PBXSourcesBuildPhase;
			buildActionMask = 2147483647;
			files = (
				EB4BBE812182913200B00142 /* Assignment4Tests.swift in Sources */,
			);
			runOnlyForDeploymentPostprocessing = 0;
		};
		EB4BBE832182913200B00142 /* Sources */ = {
			isa = PBXSourcesBuildPhase;
			buildActionMask = 2147483647;
			files = (
				EB4BBE8C2182913200B00142 /* Assignment4UITests.swift in Sources */,
			);
			runOnlyForDeploymentPostprocessing = 0;
		};
/* End PBXSourcesBuildPhase section */

/* Begin PBXTargetDependency section */
		EB4BBE7E2182913200B00142 /* PBXTargetDependency */ = {
			isa = PBXTargetDependency;
			target = EB4BBE672182912C00B00142 /* Assignment4 */;
			targetProxy = EB4BBE7D2182913200B00142 /* PBXContainerItemProxy */;
		};
		EB4BBE892182913200B00142 /* PBXTargetDependency */ = {
			isa = PBXTargetDependency;
			target = EB4BBE672182912C00B00142 /* Assignment4 */;
			targetProxy = EB4BBE882182913200B00142 /* PBXContainerItemProxy */;
		};
/* End PBXTargetDependency section */

/* Begin PBXVariantGroup section */
		EB4BBE6F2182912C00B00142 /* Main.storyboard */ = {
			isa = PBXVariantGroup;
			children = (
				EB4BBE702182912C00B00142 /* Base */,
				EB4BBEA62183CF4700B00142 /* en */,
				EB4BBEA72183CFE100B00142 /* es */,
			);
			name = Main.storyboard;
			sourceTree = "<group>";
		};
		EB4BBE742182913200B00142 /* LaunchScreen.storyboard */ = {
			isa = PBXVariantGroup;
			children = (
				EB4BBE752182913200B00142 /* Base */,
			);
			name = LaunchScreen.storyboard;
			sourceTree = "<group>";
		};
/* End PBXVariantGroup section */

/* Begin XCBuildConfiguration section */
		EB4BBE8E2182913200B00142 /* Debug */ = {
			isa = XCBuildConfiguration;
			buildSettings = {
				ALWAYS_SEARCH_USER_PATHS = NO;
				CLANG_ANALYZER_LOCALIZABILITY_NONLOCALIZED = YES;
				CLANG_ANALYZER_NONNULL = YES;
				CLANG_ANALYZER_NUMBER_OBJECT_CONVERSION = YES_AGGRESSIVE;
				CLANG_CXX_LANGUAGE_STANDARD = "gnu++14";
				CLANG_CXX_LIBRARY = "libc++";
				CLANG_ENABLE_MODULES = YES;
				CLANG_ENABLE_OBJC_ARC = YES;
				CLANG_ENABLE_OBJC_WEAK = YES;
				CLANG_WARN_BLOCK_CAPTURE_AUTORELEASING = YES;
				CLANG_WARN_BOOL_CONVERSION = YES;
				CLANG_WARN_COMMA = YES;
				CLANG_WARN_CONSTANT_CONVERSION = YES;
				CLANG_WARN_DEPRECATED_OBJC_IMPLEMENTATIONS = YES;
				CLANG_WARN_DIRECT_OBJC_ISA_USAGE = YES_ERROR;
				CLANG_WARN_DOCUMENTATION_COMMENTS = YES;
				CLANG_WARN_EMPTY_BODY = YES;
				CLANG_WARN_ENUM_CONVERSION = YES;
				CLANG_WARN_INFINITE_RECURSION = YES;
				CLANG_WARN_INT_CONVERSION = YES;
				CLANG_WARN_NON_LITERAL_NULL_CONVERSION = YES;
				CLANG_WARN_OBJC_IMPLICIT_RETAIN_SELF = YES;
				CLANG_WARN_OBJC_LITERAL_CONVERSION = YES;
				CLANG_WARN_OBJC_ROOT_CLASS = YES_ERROR;
				CLANG_WARN_RANGE_LOOP_ANALYSIS = YES;
				CLANG_WARN_STRICT_PROTOTYPES = YES;
				CLANG_WARN_SUSPICIOUS_MOVE = YES;
				CLANG_WARN_UNGUARDED_AVAILABILITY = YES_AGGRESSIVE;
				CLANG_WARN_UNREACHABLE_CODE = YES;
				CLANG_WARN__DUPLICATE_METHOD_MATCH = YES;
				CODE_SIGN_IDENTITY = "iPhone Developer";
				COPY_PHASE_STRIP = NO;
				DEBUG_INFORMATION_FORMAT = dwarf;
				ENABLE_STRICT_OBJC_MSGSEND = YES;
				ENABLE_TESTABILITY = YES;
				GCC_C_LANGUAGE_STANDARD = gnu11;
				GCC_DYNAMIC_NO_PIC = NO;
				GCC_NO_COMMON_BLOCKS = YES;
				GCC_OPTIMIZATION_LEVEL = 0;
				GCC_PREPROCESSOR_DEFINITIONS = (
					"DEBUG=1",
					"$(inherited)",
				);
				GCC_WARN_64_TO_32_BIT_CONVERSION = YES;
				GCC_WARN_ABOUT_RETURN_TYPE = YES_ERROR;
				GCC_WARN_UNDECLARED_SELECTOR = YES;
				GCC_WARN_UNINITIALIZED_AUTOS = YES_AGGRESSIVE;
				GCC_WARN_UNUSED_FUNCTION = YES;
				GCC_WARN_UNUSED_VARIABLE = YES;
				IPHONEOS_DEPLOYMENT_TARGET = 12.0;
				MTL_ENABLE_DEBUG_INFO = INCLUDE_SOURCE;
				MTL_FAST_MATH = YES;
				ONLY_ACTIVE_ARCH = YES;
				SDKROOT = iphoneos;
				SWIFT_ACTIVE_COMPILATION_CONDITIONS = DEBUG;
				SWIFT_OPTIMIZATION_LEVEL = "-Onone";
			};
			name = Debug;
		};
		EB4BBE8F2182913200B00142 /* Release */ = {
			isa = XCBuildConfiguration;
			buildSettings = {
				ALWAYS_SEARCH_USER_PATHS = NO;
				CLANG_ANALYZER_LOCALIZABILITY_NONLOCALIZED = YES;
				CLANG_ANALYZER_NONNULL = YES;
				CLANG_ANALYZER_NUMBER_OBJECT_CONVERSION = YES_AGGRESSIVE;
				CLANG_CXX_LANGUAGE_STANDARD = "gnu++14";
				CLANG_CXX_LIBRARY = "libc++";
				CLANG_ENABLE_MODULES = YES;
				CLANG_ENABLE_OBJC_ARC = YES;
				CLANG_ENABLE_OBJC_WEAK = YES;
				CLANG_WARN_BLOCK_CAPTURE_AUTORELEASING = YES;
				CLANG_WARN_BOOL_CONVERSION = YES;
				CLANG_WARN_COMMA = YES;
				CLANG_WARN_CONSTANT_CONVERSION = YES;
				CLANG_WARN_DEPRECATED_OBJC_IMPLEMENTATIONS = YES;
				CLANG_WARN_DIRECT_OBJC_ISA_USAGE = YES_ERROR;
				CLANG_WARN_DOCUMENTATION_COMMENTS = YES;
				CLANG_WARN_EMPTY_BODY = YES;
				CLANG_WARN_ENUM_CONVERSION = YES;
				CLANG_WARN_INFINITE_RECURSION = YES;
				CLANG_WARN_INT_CONVERSION = YES;
				CLANG_WARN_NON_LITERAL_NULL_CONVERSION = YES;
				CLANG_WARN_OBJC_IMPLICIT_RETAIN_SELF = YES;
				CLANG_WARN_OBJC_LITERAL_CONVERSION = YES;
				CLANG_WARN_OBJC_ROOT_CLASS = YES_ERROR;
				CLANG_WARN_RANGE_LOOP_ANALYSIS = YES;
				CLANG_WARN_STRICT_PROTOTYPES = YES;
				CLANG_WARN_SUSPICIOUS_MOVE = YES;
				CLANG_WARN_UNGUARDED_AVAILABILITY = YES_AGGRESSIVE;
				CLANG_WARN_UNREACHABLE_CODE = YES;
				CLANG_WARN__DUPLICATE_METHOD_MATCH = YES;
				CODE_SIGN_IDENTITY = "iPhone Developer";
				COPY_PHASE_STRIP = NO;
				DEBUG_INFORMATION_FORMAT = "dwarf-with-dsym";
				ENABLE_NS_ASSERTIONS = NO;
				ENABLE_STRICT_OBJC_MSGSEND = YES;
				GCC_C_LANGUAGE_STANDARD = gnu11;
				GCC_NO_COMMON_BLOCKS = YES;
				GCC_WARN_64_TO_32_BIT_CONVERSION = YES;
				GCC_WARN_ABOUT_RETURN_TYPE = YES_ERROR;
				GCC_WARN_UNDECLARED_SELECTOR = YES;
				GCC_WARN_UNINITIALIZED_AUTOS = YES_AGGRESSIVE;
				GCC_WARN_UNUSED_FUNCTION = YES;
				GCC_WARN_UNUSED_VARIABLE = YES;
				IPHONEOS_DEPLOYMENT_TARGET = 12.0;
				MTL_ENABLE_DEBUG_INFO = NO;
				MTL_FAST_MATH = YES;
				SDKROOT = iphoneos;
				SWIFT_COMPILATION_MODE = wholemodule;
				SWIFT_OPTIMIZATION_LEVEL = "-O";
				VALIDATE_PRODUCT = YES;
			};
			name = Release;
		};
		EB4BBE912182913200B00142 /* Debug */ = {
			isa = XCBuildConfiguration;
			buildSettings = {
				ASSETCATALOG_COMPILER_APPICON_NAME = AppIcon;
				CODE_SIGN_STYLE = Automatic;
				INFOPLIST_FILE = Assignment4/Info.plist;
				LD_RUNPATH_SEARCH_PATHS = (
					"$(inherited)",
					"@executable_path/Frameworks",
				);
				PRODUCT_BUNDLE_IDENTIFIER = edu.sdsu.Assignment4;
				PRODUCT_NAME = "$(TARGET_NAME)";
				SWIFT_VERSION = 4.2;
				TARGETED_DEVICE_FAMILY = "1,2";
			};
			name = Debug;
		};
		EB4BBE922182913200B00142 /* Release */ = {
			isa = XCBuildConfiguration;
			buildSettings = {
				ASSETCATALOG_COMPILER_APPICON_NAME = AppIcon;
				CODE_SIGN_STYLE = Automatic;
				INFOPLIST_FILE = Assignment4/Info.plist;
				LD_RUNPATH_SEARCH_PATHS = (
					"$(inherited)",
					"@executable_path/Frameworks",
				);
				PRODUCT_BUNDLE_IDENTIFIER = edu.sdsu.Assignment4;
				PRODUCT_NAME = "$(TARGET_NAME)";
				SWIFT_VERSION = 4.2;
				TARGETED_DEVICE_FAMILY = "1,2";
			};
			name = Release;
		};
		EB4BBE942182913200B00142 /* Debug */ = {
			isa = XCBuildConfiguration;
			buildSettings = {
				ALWAYS_EMBED_SWIFT_STANDARD_LIBRARIES = YES;
				BUNDLE_LOADER = "$(TEST_HOST)";
				CODE_SIGN_STYLE = Automatic;
				INFOPLIST_FILE = Assignment4Tests/Info.plist;
				LD_RUNPATH_SEARCH_PATHS = (
					"$(inherited)",
					"@executable_path/Frameworks",
					"@loader_path/Frameworks",
				);
				PRODUCT_BUNDLE_IDENTIFIER = edu.sdsu.Assignment4Tests;
				PRODUCT_NAME = "$(TARGET_NAME)";
				SWIFT_VERSION = 4.2;
				TARGETED_DEVICE_FAMILY = "1,2";
				TEST_HOST = "$(BUILT_PRODUCTS_DIR)/Assignment4.app/Assignment4";
			};
			name = Debug;
		};
		EB4BBE952182913200B00142 /* Release */ = {
			isa = XCBuildConfiguration;
			buildSettings = {
				ALWAYS_EMBED_SWIFT_STANDARD_LIBRARIES = YES;
				BUNDLE_LOADER = "$(TEST_HOST)";
				CODE_SIGN_STYLE = Automatic;
				INFOPLIST_FILE = Assignment4Tests/Info.plist;
				LD_RUNPATH_SEARCH_PATHS = (
					"$(inherited)",
					"@executable_path/Frameworks",
					"@loader_path/Frameworks",
				);
				PRODUCT_BUNDLE_IDENTIFIER = edu.sdsu.Assignment4Tests;
				PRODUCT_NAME = "$(TARGET_NAME)";
				SWIFT_VERSION = 4.2;
				TARGETED_DEVICE_FAMILY = "1,2";
				TEST_HOST = "$(BUILT_PRODUCTS_DIR)/Assignment4.app/Assignment4";
			};
			name = Release;
		};
		EB4BBE972182913200B00142 /* Debug */ = {
			isa = XCBuildConfiguration;
			buildSettings = {
				ALWAYS_EMBED_SWIFT_STANDARD_LIBRARIES = YES;
				CODE_SIGN_STYLE = Automatic;
				INFOPLIST_FILE = Assignment4UITests/Info.plist;
				LD_RUNPATH_SEARCH_PATHS = (
					"$(inherited)",
					"@executable_path/Frameworks",
					"@loader_path/Frameworks",
				);
				PRODUCT_BUNDLE_IDENTIFIER = edu.sdsu.Assignment4UITests;
				PRODUCT_NAME = "$(TARGET_NAME)";
				SWIFT_VERSION = 4.2;
				TARGETED_DEVICE_FAMILY = "1,2";
				TEST_TARGET_NAME = Assignment4;
			};
			name = Debug;
		};
		EB4BBE982182913200B00142 /* Release */ = {
			isa = XCBuildConfiguration;
			buildSettings = {
				ALWAYS_EMBED_SWIFT_STANDARD_LIBRARIES = YES;
				CODE_SIGN_STYLE = Automatic;
				INFOPLIST_FILE = Assignment4UITests/Info.plist;
				LD_RUNPATH_SEARCH_PATHS = (
					"$(inherited)",
					"@executable_path/Frameworks",
					"@loader_path/Frameworks",
				);
				PRODUCT_BUNDLE_IDENTIFIER = edu.sdsu.Assignment4UITests;
				PRODUCT_NAME = "$(TARGET_NAME)";
				SWIFT_VERSION = 4.2;
				TARGETED_DEVICE_FAMILY = "1,2";
				TEST_TARGET_NAME = Assignment4;
			};
			name = Release;
		};
/* End XCBuildConfiguration section */

/* Begin XCConfigurationList section */
		EB4BBE632182912C00B00142 /* Build configuration list for PBXProject "Assignment4" */ = {
			isa = XCConfigurationList;
			buildConfigurations = (
				EB4BBE8E2182913200B00142 /* Debug */,
				EB4BBE8F2182913200B00142 /* Release */,
			);
			defaultConfigurationIsVisible = 0;
			defaultConfigurationName = Release;
		};
		EB4BBE902182913200B00142 /* Build configuration list for PBXNativeTarget "Assignment4" */ = {
			isa = XCConfigurationList;
			buildConfigurations = (
				EB4BBE912182913200B00142 /* Debug */,
				EB4BBE922182913200B00142 /* Release */,
			);
			defaultConfigurationIsVisible = 0;
			defaultConfigurationName = Release;
		};
		EB4BBE932182913200B00142 /* Build configuration list for PBXNativeTarget "Assignment4Tests" */ = {
			isa = XCConfigurationList;
			buildConfigurations = (
				EB4BBE942182913200B00142 /* Debug */,
				EB4BBE952182913200B00142 /* Release */,
			);
			defaultConfigurationIsVisible = 0;
			defaultConfigurationName = Release;
		};
		EB4BBE962182913200B00142 /* Build configuration list for PBXNativeTarget "Assignment4UITests" */ = {
			isa = XCConfigurationList;
			buildConfigurations = (
				EB4BBE972182913200B00142 /* Debug */,
				EB4BBE982182913200B00142 /* Release */,
			);
			defaultConfigurationIsVisible = 0;
			defaultConfigurationName = Release;
		};
/* End XCConfigurationList section */
	};
	rootObject = EB4BBE602182912C00B00142 /* Project object */;
}
